{
  "name": "startsharp.web",
  "lockfileVersion": 2,
  "requires": true,
  "packages": {
    "": {
      "name": "startsharp.web",
      "dependencies": {
        "@serenity-is/corelib": "6.1.9",
        "@serenity-is/sleekgrid": "1.3.7",
        "@types/jquery": "2.0.48",
        "@types/jquery.validation": "1.16.7",
        "@types/jqueryui": "1.12.6",
        "@types/toastr": "2.1.39"
      },
      "devDependencies": {
        "esbuild": "0.15.2"
      }
    },
    "../../Serenity/src/Serenity.Scripts/corelib": {
      "name": "@serenity-is/corelib",
      "version": "1.0.7",
      "extraneous": true,
      "license": "MIT",
      "dependencies": {
        "@serenity-is/sleekgrid": "1.3.6",
        "@types/jquery": "2.0.48",
        "@types/jquery.validation": "1.16.7",
        "@types/jqueryui": "1.12.6",
        "@types/toastr": "2.1.39"
      },
      "devDependencies": {
        "@happy-dom/jest-environment": "^6.0.4",
        "@rollup/plugin-typescript": "8.3.4",
        "@types/jest": "27.0.2",
        "@types/node": "14.14.14",
        "esbuild": "0.15.2",
        "flatpickr": "4.6.13",
        "jest": "27.3.1",
        "jest-esbuild": "^0.2.9",
        "jquery": "3.6.0",
        "rollup": "2.77.0",
        "rollup-plugin-dts": "4.2.2",
        "terser": "^5.14.2",
        "tslib": "2.4.0",
        "typescript": "4.7.4"
      },
      "optionalDependencies": {
        "fsevents": "2.3.2"
      }
    },
    "node_modules/@serenity-is/corelib": {
      "version": "6.1.9",
      "resolved": "https://registry.npmjs.org/@serenity-is/corelib/-/corelib-6.1.9.tgz",
      "integrity": "sha512-JmHjUf5XZKwaT9vehr6ps/Qgf60YRzFAS9g2VpYDXNsYBz5+0aUduwZtnDhUM19eHYtg8LmvZan/rQBr9a5IbQ==",
      "dependencies": {
        "@serenity-is/sleekgrid": "1.3.7",
        "@types/jquery": "2.0.48",
        "@types/jquery.validation": "1.16.7",
        "@types/jqueryui": "1.12.6",
        "@types/toastr": "2.1.39"
      },
      "optionalDependencies": {
        "fsevents": "2.3.2"
      }
    },
    "node_modules/@serenity-is/sleekgrid": {
      "version": "1.3.7",
      "resolved": "https://registry.npmjs.org/@serenity-is/sleekgrid/-/sleekgrid-1.3.7.tgz",
      "integrity": "sha512-HRqJjlnJyVIMJq468EgFbMdFWTKrVEymWVofE/Kf7ycwvpKNrzwqLnbeyA+Fm5UzGNGeyCYTIufm/1EyoffL6g=="
    },
    "node_modules/@types/jquery": {
      "version": "2.0.48",
      "resolved": "https://registry.npmjs.org/@types/jquery/-/jquery-2.0.48.tgz",
      "integrity": "sha512-nNLzUrVjaRV/Ds1eHZLYTd7IZxs38cwwLSaqMJj8OTXY8xNUbxSK69bi9cMLvQ7dm/IBeQ1wHwQ0S1uYa0rd2w=="
    },
    "node_modules/@types/jquery.validation": {
      "version": "1.16.7",
      "resolved": "https://registry.npmjs.org/@types/jquery.validation/-/jquery.validation-1.16.7.tgz",
      "integrity": "sha512-auRrFzVUOOg7jcLMGyEhvKAC84e8/Tu27wJXDLk3NZ0XCKGZWHYm7livBEjRs3LkB4vGnMKqWXBBnRpmCO9mhQ==",
      "dependencies": {
        "@types/jquery": "*"
      }
    },
    "node_modules/@types/jqueryui": {
      "version": "1.12.6",
      "resolved": "https://registry.npmjs.org/@types/jqueryui/-/jqueryui-1.12.6.tgz",
      "integrity": "sha512-lF4aIWtQ3Xbd6J+9WXz/day1pyf39ZMO/KUrigFAuMQ6FFVw2xZBIRCUwA7/CEnab1Bb7b4ko304Lxrp2xw8hQ==",
      "dependencies": {
        "@types/jquery": "*"
      }
    },
    "node_modules/@types/toastr": {
      "version": "2.1.39",
      "resolved": "https://registry.npmjs.org/@types/toastr/-/toastr-2.1.39.tgz",
      "integrity": "sha512-jgbMLTjj7dsSY/EYYOoZXhK6OY/bR909Bn6YNnwL3Oq+f0AeFKbYa198XU/6bsmUqqCCWw5VvCi11FDN1/fetw==",
      "dependencies": {
        "@types/jquery": "*"
      }
    },
    "node_modules/esbuild": {
      "version": "0.15.2",
      "dev": true,
      "hasInstallScript": true,
      "license": "MIT",
      "bin": {
        "esbuild": "bin/esbuild"
      },
      "engines": {
        "node": ">=12"
      },
      "optionalDependencies": {
        "@esbuild/linux-loong64": "0.15.2",
        "esbuild-android-64": "0.15.2",
        "esbuild-android-arm64": "0.15.2",
        "esbuild-darwin-64": "0.15.2",
        "esbuild-darwin-arm64": "0.15.2",
        "esbuild-freebsd-64": "0.15.2",
        "esbuild-freebsd-arm64": "0.15.2",
        "esbuild-linux-32": "0.15.2",
        "esbuild-linux-64": "0.15.2",
        "esbuild-linux-arm": "0.15.2",
        "esbuild-linux-arm64": "0.15.2",
        "esbuild-linux-mips64le": "0.15.2",
        "esbuild-linux-ppc64le": "0.15.2",
        "esbuild-linux-riscv64": "0.15.2",
        "esbuild-linux-s390x": "0.15.2",
        "esbuild-netbsd-64": "0.15.2",
        "esbuild-openbsd-64": "0.15.2",
        "esbuild-sunos-64": "0.15.2",
        "esbuild-windows-32": "0.15.2",
        "esbuild-windows-64": "0.15.2",
        "esbuild-windows-arm64": "0.15.2"
      }
    },
    "node_modules/esbuild-windows-64": {
      "version": "0.15.2",
      "cpu": [
        "x64"
      ],
      "dev": true,
      "license": "MIT",
      "optional": true,
      "os": [
        "win32"
      ],
      "engines": {
        "node": ">=12"
      }
    },
    "node_modules/fsevents": {
      "version": "2.3.2",
      "resolved": "https://registry.npmjs.org/fsevents/-/fsevents-2.3.2.tgz",
      "integrity": "sha512-xiqMQR4xAeHTuB9uWm+fFRcIOgKBMiOBP+eXiyT7jsgVCq1bkVygt00oASowB7EdtpOHaaPgKt812P9ab+DDKA==",
      "hasInstallScript": true,
      "optional": true,
      "os": [
        "darwin"
      ],
      "engines": {
        "node": "^8.16.0 || ^10.6.0 || >=11.0.0"
      }
    }
  },
  "dependencies": {
    "@serenity-is/corelib": {
      "version": "6.1.9",
      "resolved": "https://registry.npmjs.org/@serenity-is/corelib/-/corelib-6.1.9.tgz",
      "integrity": "sha512-JmHjUf5XZKwaT9vehr6ps/Qgf60YRzFAS9g2VpYDXNsYBz5+0aUduwZtnDhUM19eHYtg8LmvZan/rQBr9a5IbQ==",
      "requires": {
        "@serenity-is/sleekgrid": "1.3.7",
        "@types/jquery": "2.0.48",
        "@types/jquery.validation": "1.16.7",
        "@types/jqueryui": "1.12.6",
        "@types/toastr": "2.1.39",
        "fsevents": "2.3.2"
      }
    },
    "@serenity-is/sleekgrid": {
      "version": "1.3.7",
      "resolved": "https://registry.npmjs.org/@serenity-is/sleekgrid/-/sleekgrid-1.3.7.tgz",
      "integrity": "sha512-HRqJjlnJyVIMJq468EgFbMdFWTKrVEymWVofE/Kf7ycwvpKNrzwqLnbeyA+Fm5UzGNGeyCYTIufm/1EyoffL6g=="
    },
    "@types/jquery": {
      "version": "2.0.48",
      "resolved": "https://registry.npmjs.org/@types/jquery/-/jquery-2.0.48.tgz",
      "integrity": "sha512-nNLzUrVjaRV/Ds1eHZLYTd7IZxs38cwwLSaqMJj8OTXY8xNUbxSK69bi9cMLvQ7dm/IBeQ1wHwQ0S1uYa0rd2w=="
    },
    "@types/jquery.validation": {
      "version": "1.16.7",
      "resolved": "https://registry.npmjs.org/@types/jquery.validation/-/jquery.validation-1.16.7.tgz",
      "integrity": "sha512-auRrFzVUOOg7jcLMGyEhvKAC84e8/Tu27wJXDLk3NZ0XCKGZWHYm7livBEjRs3LkB4vGnMKqWXBBnRpmCO9mhQ==",
      "requires": {
        "@types/jquery": "*"
      }
    },
    "@types/jqueryui": {
      "version": "1.12.6",
      "resolved": "https://registry.npmjs.org/@types/jqueryui/-/jqueryui-1.12.6.tgz",
      "integrity": "sha512-lF4aIWtQ3Xbd6J+9WXz/day1pyf39ZMO/KUrigFAuMQ6FFVw2xZBIRCUwA7/CEnab1Bb7b4ko304Lxrp2xw8hQ==",
      "requires": {
        "@types/jquery": "*"
      }
    },
    "@types/toastr": {
      "version": "2.1.39",
      "resolved": "https://registry.npmjs.org/@types/toastr/-/toastr-2.1.39.tgz",
      "integrity": "sha512-jgbMLTjj7dsSY/EYYOoZXhK6OY/bR909Bn6YNnwL3Oq+f0AeFKbYa198XU/6bsmUqqCCWw5VvCi11FDN1/fetw==",
      "requires": {
        "@types/jquery": "*"
      }
    },
    "esbuild": {
      "version": "0.15.2",
      "dev": true,
      "requires": {
        "@esbuild/linux-loong64": "0.15.2",
        "esbuild-android-64": "0.15.2",
        "esbuild-android-arm64": "0.15.2",
        "esbuild-darwin-64": "0.15.2",
        "esbuild-darwin-arm64": "0.15.2",
        "esbuild-freebsd-64": "0.15.2",
        "esbuild-freebsd-arm64": "0.15.2",
        "esbuild-linux-32": "0.15.2",
        "esbuild-linux-64": "0.15.2",
        "esbuild-linux-arm": "0.15.2",
        "esbuild-linux-arm64": "0.15.2",
        "esbuild-linux-mips64le": "0.15.2",
        "esbuild-linux-ppc64le": "0.15.2",
        "esbuild-linux-riscv64": "0.15.2",
        "esbuild-linux-s390x": "0.15.2",
        "esbuild-netbsd-64": "0.15.2",
        "esbuild-openbsd-64": "0.15.2",
        "esbuild-sunos-64": "0.15.2",
        "esbuild-windows-32": "0.15.2",
        "esbuild-windows-64": "0.15.2",
        "esbuild-windows-arm64": "0.15.2"
      }
    },
    "esbuild-windows-64": {
      "version": "0.15.2",
      "dev": true,
      "optional": true
    },
    "fsevents": {
      "version": "2.3.2",
      "resolved": "https://registry.npmjs.org/fsevents/-/fsevents-2.3.2.tgz",
      "integrity": "sha512-xiqMQR4xAeHTuB9uWm+fFRcIOgKBMiOBP+eXiyT7jsgVCq1bkVygt00oASowB7EdtpOHaaPgKt812P9ab+DDKA==",
      "optional": true
    }
  }
}
